
Microsoft Visual Studio Solution File, Format Version 12.00
# Visual Studio Version 16
VisualStudioVersion = 16.0.30104.148
MinimumVisualStudioVersion = 10.0.40219.1
Project("{FAE04EC0-301F-11D3-BF4B-00C04F79EFBC}") = "MyServer", "WpfApp1\MyServer.csproj", "{3163B5C5-06F8-447A-AA8B-A0BBC8E082C9}"
EndProject
Global
	GlobalSection(SolutionConfigurationPlatforms) = preSolution
		Debug|Any CPU = Debug|Any CPU
		Release|Any CPU = Release|Any CPU
	EndGlobalSection
	GlobalSection(ProjectConfigurationPlatforms) = postSolution
		{3163B5C5-06F8-447A-AA8B-A0BBC8E082C9}.Debug|Any CPU.ActiveCfg = Debug|Any CPU
		{3163B5C5-06F8-447A-AA8B-A0BBC8E082C9}.Debug|Any CPU.Build.0 = Debug|Any CPU
		{3163B5C5-06F8-447A-AA8B-A0BBC8E082C9}.Release|Any CPU.ActiveCfg = Release|Any CPU
		{3163B5C5-06F8-447A-AA8B-A0BBC8E082C9}.Release|Any CPU.Build.0 = Release|Any CPU
	EndGlobalSection
	GlobalSection(SolutionProperties) = preSolution
		HideSolutionNode = FALSE
	EndGlobalSection
	GlobalSection(ExtensibilityGlobals) = postSolution
		SolutionGuid = {7E9DDF16-92D7-4CE6-B7CD-9AF39030A08B}
	EndGlobalSection
EndGlobal
